
Microsoft Visual Studio Solution File, Format Version 12.00
# Visual Studio Version 17
VisualStudioVersion = 17.4.33103.184
MinimumVisualStudioVersion = 10.0.40219.1
Project("{9A19103F-16F7-4668-BE54-9A1E7A4F7556}") = "VLUTUTORS", "VLUTUTORS\VLUTUTORS.csproj", "{D6A9F2FB-0D2D-45B4-A5E4-E8C8996D83E5}"
EndProject
Project("{FAE04EC0-301F-11D3-BF4B-00C04F79EFBC}") = "VLUTUTORS.Tests", "VLUTUTORS.Tests\VLUTUTORS.Tests.csproj", "{DCA4C117-BEAE-4154-8B71-C385715DC25D}"
EndProject
Global
	GlobalSection(SolutionConfigurationPlatforms) = preSolution
		Debug|Any CPU = Debug|Any CPU
		Release|Any CPU = Release|Any CPU
	EndGlobalSection
	GlobalSection(ProjectConfigurationPlatforms) = postSolution
		{D6A9F2FB-0D2D-45B4-A5E4-E8C8996D83E5}.Debug|Any CPU.ActiveCfg = Debug|Any CPU
		{D6A9F2FB-0D2D-45B4-A5E4-E8C8996D83E5}.Debug|Any CPU.Build.0 = Debug|Any CPU
		{D6A9F2FB-0D2D-45B4-A5E4-E8C8996D83E5}.Release|Any CPU.ActiveCfg = Release|Any CPU
		{D6A9F2FB-0D2D-45B4-A5E4-E8C8996D83E5}.Release|Any CPU.Build.0 = Release|Any CPU
		{DCA4C117-BEAE-4154-8B71-C385715DC25D}.Debug|Any CPU.ActiveCfg = Debug|Any CPU
		{DCA4C117-BEAE-4154-8B71-C385715DC25D}.Debug|Any CPU.Build.0 = Debug|Any CPU
		{DCA4C117-BEAE-4154-8B71-C385715DC25D}.Release|Any CPU.ActiveCfg = Release|Any CPU
		{DCA4C117-BEAE-4154-8B71-C385715DC25D}.Release|Any CPU.Build.0 = Release|Any CPU
	EndGlobalSection
	GlobalSection(SolutionProperties) = preSolution
		HideSolutionNode = FALSE
	EndGlobalSection
	GlobalSection(ExtensibilityGlobals) = postSolution
		SolutionGuid = {44EB4AAA-7110-4889-AC34-54693862B7F7}
	EndGlobalSection
EndGlobal
